
Microsoft Visual Studio Solution File, Format Version 12.00
# Visual Studio Version 17
VisualStudioVersion = 17.5.33502.453
MinimumVisualStudioVersion = 10.0.40219.1
Project("{9A19103F-16F7-4668-BE54-9A1E7A4F7556}") = "RogueEssence", "RogueEssence\RogueEssence.csproj", "{F22CC8D0-B26B-458E-9F6E-A3AC20A57827}"
EndProject
Project("{9A19103F-16F7-4668-BE54-9A1E7A4F7556}") = "FNA.Core", "FNA\FNA.Core.csproj", "{FFF7324F-FB5A-4135-B31C-D0AD149F9D68}"
EndProject
Project("{9A19103F-16F7-4668-BE54-9A1E7A4F7556}") = "RogueElements", "RogueElements\RogueElements\RogueElements.csproj", "{A777BC3D-2635-401D-96D7-162178D8DFC4}"
EndProject
Project("{9A19103F-16F7-4668-BE54-9A1E7A4F7556}") = "WaypointServer", "WaypointServer\WaypointServer.csproj", "{E7F9BD44-2223-4D92-9C68-EF03618F4304}"
EndProject
Project("{9A19103F-16F7-4668-BE54-9A1E7A4F7556}") = "RogueEssence.Editor.Avalonia", "RogueEssence.Editor.Avalonia\RogueEssence.Editor.Avalonia.csproj", "{04BB699C-51C8-4775-A7A0-145F220EFA20}"
EndProject
Project("{9A19103F-16F7-4668-BE54-9A1E7A4F7556}") = "NLua.net6.0", "NLua\build\net6.0\NLua.net6.0.csproj", "{B9E406F5-72E3-4B65-97CD-79A7A9FA574F}"
EndProject
Project("{9A19103F-16F7-4668-BE54-9A1E7A4F7556}") = "KeraLua.net6.0", "NLua\KeraLua\build\net6.0\KeraLua.net6.0.csproj", "{D067E316-FBE3-4E98-99F6-0B15D997770A}"
EndProject
Global
	GlobalSection(SolutionConfigurationPlatforms) = preSolution
		Debug|Any CPU = Debug|Any CPU
		Release|Any CPU = Release|Any CPU
	EndGlobalSection
	GlobalSection(ProjectConfigurationPlatforms) = postSolution
		{F22CC8D0-B26B-458E-9F6E-A3AC20A57827}.Debug|Any CPU.ActiveCfg = Debug|Any CPU
		{F22CC8D0-B26B-458E-9F6E-A3AC20A57827}.Debug|Any CPU.Build.0 = Debug|Any CPU
		{F22CC8D0-B26B-458E-9F6E-A3AC20A57827}.Release|Any CPU.ActiveCfg = Release|Any CPU
		{F22CC8D0-B26B-458E-9F6E-A3AC20A57827}.Release|Any CPU.Build.0 = Release|Any CPU
		{FFF7324F-FB5A-4135-B31C-D0AD149F9D68}.Debug|Any CPU.ActiveCfg = Debug|Any CPU
		{FFF7324F-FB5A-4135-B31C-D0AD149F9D68}.Debug|Any CPU.Build.0 = Debug|Any CPU
		{FFF7324F-FB5A-4135-B31C-D0AD149F9D68}.Release|Any CPU.ActiveCfg = Release|Any CPU
		{FFF7324F-FB5A-4135-B31C-D0AD149F9D68}.Release|Any CPU.Build.0 = Release|Any CPU
		{A777BC3D-2635-401D-96D7-162178D8DFC4}.Debug|Any CPU.ActiveCfg = Debug|Any CPU
		{A777BC3D-2635-401D-96D7-162178D8DFC4}.Debug|Any CPU.Build.0 = Debug|Any CPU
		{A777BC3D-2635-401D-96D7-162178D8DFC4}.Release|Any CPU.ActiveCfg = Release|Any CPU
		{A777BC3D-2635-401D-96D7-162178D8DFC4}.Release|Any CPU.Build.0 = Release|Any CPU
		{E7F9BD44-2223-4D92-9C68-EF03618F4304}.Debug|Any CPU.ActiveCfg = Debug|Any CPU
		{E7F9BD44-2223-4D92-9C68-EF03618F4304}.Debug|Any CPU.Build.0 = Debug|Any CPU
		{E7F9BD44-2223-4D92-9C68-EF03618F4304}.Release|Any CPU.ActiveCfg = Release|Any CPU
		{E7F9BD44-2223-4D92-9C68-EF03618F4304}.Release|Any CPU.Build.0 = Release|Any CPU
		{04BB699C-51C8-4775-A7A0-145F220EFA20}.Debug|Any CPU.ActiveCfg = Debug|Any CPU
		{04BB699C-51C8-4775-A7A0-145F220EFA20}.Debug|Any CPU.Build.0 = Debug|Any CPU
		{04BB699C-51C8-4775-A7A0-145F220EFA20}.Release|Any CPU.ActiveCfg = Release|Any CPU
		{04BB699C-51C8-4775-A7A0-145F220EFA20}.Release|Any CPU.Build.0 = Release|Any CPU
		{B9E406F5-72E3-4B65-97CD-79A7A9FA574F}.Debug|Any CPU.ActiveCfg = Debug|Any CPU
		{B9E406F5-72E3-4B65-97CD-79A7A9FA574F}.Debug|Any CPU.Build.0 = Debug|Any CPU
		{B9E406F5-72E3-4B65-97CD-79A7A9FA574F}.Release|Any CPU.ActiveCfg = Release|Any CPU
		{B9E406F5-72E3-4B65-97CD-79A7A9FA574F}.Release|Any CPU.Build.0 = Release|Any CPU
		{D067E316-FBE3-4E98-99F6-0B15D997770A}.Debug|Any CPU.ActiveCfg = Debug|Any CPU
		{D067E316-FBE3-4E98-99F6-0B15D997770A}.Debug|Any CPU.Build.0 = Debug|Any CPU
		{D067E316-FBE3-4E98-99F6-0B15D997770A}.Release|Any CPU.ActiveCfg = Release|Any CPU
		{D067E316-FBE3-4E98-99F6-0B15D997770A}.Release|Any CPU.Build.0 = Release|Any CPU
	EndGlobalSection
	GlobalSection(SolutionProperties) = preSolution
		HideSolutionNode = FALSE
	EndGlobalSection
	GlobalSection(ExtensibilityGlobals) = postSolution
		SolutionGuid = {510959D5-23BD-467F-96CE-545BC112EC92}
	EndGlobalSection
	GlobalSection(SharedMSBuildProjectFiles) = preSolution
		NLua\src\NLua.Shared.projitems*{b9e406f5-72e3-4b65-97cd-79a7a9fa574f}*SharedItemsImports = 5
		NLua\KeraLua\src\KeraLua.Core.projitems*{d067e316-fbe3-4e98-99f6-0b15d997770a}*SharedItemsImports = 5
	EndGlobalSection
EndGlobal
